{
  "name": "website_tailwind2",
  "lockfileVersion": 2,
  "requires": true,
  "packages": {
    "": {
      "devDependencies": {
        "tailwindcss-hyphens": "^0.1.0"
      }
    },
    "node_modules/tailwindcss-hyphens": {
      "version": "0.1.0",
      "resolved": "https://registry.npmjs.org/tailwindcss-hyphens/-/tailwindcss-hyphens-0.1.0.tgz",
      "integrity": "sha512-Fdbb37iC3G33RX5YaIkBjT7NM0qL6EhE1ifMy6MdQkybpo6cuOVwnQnW+KHMB0fM0ep5nPI3C9bc1R3OanuJNg==",
      "dev": true
    }
  },
  "dependencies": {
    "tailwindcss-hyphens": {
      "version": "0.1.0",
      "resolved": "https://registry.npmjs.org/tailwindcss-hyphens/-/tailwindcss-hyphens-0.1.0.tgz",
      "integrity": "sha512-Fdbb37iC3G33RX5YaIkBjT7NM0qL6EhE1ifMy6MdQkybpo6cuOVwnQnW+KHMB0fM0ep5nPI3C9bc1R3OanuJNg==",
      "dev": true
    }
  }
}
